# This file is autogenerated, do not edit; changes may be undone by the next 'dep ensure'.


[[projects]]
  branch = "master"
  digest = "1:ba6192d0ab731c54416f3f668221b2cf2153739a318b7405d9f83d765cad8086"
  name = "github.com/appsody/watcher"
  packages = ["."]
  pruneopts = "UT"
  revision = "171231a71ba9e0672b75c6d70ebc4e119725587c"

[[projects]]
  digest = "1:c696379ad201c1e86591785579e16bf6cf886c362e9a7534e8eb0d1028b20582"
  name = "k8s.io/klog"
  packages = ["."]
  pruneopts = "UT"
  revision = "e531227889390a39d9533dde61f590fe9f4b0035"
  version = "v0.3.0"

[solve-meta]
  analyzer-name = "dep"
  analyzer-version = 1
  input-imports = [
    "github.com/appsody/watcher",
    "k8s.io/klog",
  ]
  solver-name = "gps-cdcl"
  solver-version = 1
